// !$*UTF8*$!
{
	archiveVersion = 1;
	classes = {
	};
	objectVersion = 56;
	objects = {

/* Begin PBXBuildFile section */
		B90084C529EE0D31006D7E39 /* NoteView.swift in Sources */ = {isa = PBXBuildFile; fileRef = B90084C429EE0D31006D7E39 /* NoteView.swift */; };
		B90084C729EE0F3E006D7E39 /* NoteCell.swift in Sources */ = {isa = PBXBuildFile; fileRef = B90084C629EE0F3E006D7E39 /* NoteCell.swift */; };
		B90084C929EE1541006D7E39 /* Note.swift in Sources */ = {isa = PBXBuildFile; fileRef = B90084C829EE1541006D7E39 /* Note.swift */; };
		B90084CE29EE1F69006D7E39 /* NoteAddView.swift in Sources */ = {isa = PBXBuildFile; fileRef = B90084CD29EE1F69006D7E39 /* NoteAddView.swift */; };
		B90084D629EEA136006D7E39 /* GoalAddView.swift in Sources */ = {isa = PBXBuildFile; fileRef = B90084D529EEA136006D7E39 /* GoalAddView.swift */; };
		B90084D929EEA5C5006D7E39 /* FSCalendar in Frameworks */ = {isa = PBXBuildFile; productRef = B90084D829EEA5C5006D7E39 /* FSCalendar */; };
		B90084DB29EEA5D5006D7E39 /* CalendarLineView.swift in Sources */ = {isa = PBXBuildFile; fileRef = B90084DA29EEA5D5006D7E39 /* CalendarLineView.swift */; };
		B941F0DF29FBF0D6008993D7 /* FailGoalView.swift in Sources */ = {isa = PBXBuildFile; fileRef = B941F0DE29FBF0D6008993D7 /* FailGoalView.swift */; };
		B94509E129F634DD008C0C97 /* GoalDetailView.swift in Sources */ = {isa = PBXBuildFile; fileRef = B94509E029F634DD008C0C97 /* GoalDetailView.swift */; };
		B94509E329F65580008C0C97 /* CircleView.swift in Sources */ = {isa = PBXBuildFile; fileRef = B94509E229F65580008C0C97 /* CircleView.swift */; };
		B94BB8C62A032E980091827B /* MainView+Layout.swift in Sources */ = {isa = PBXBuildFile; fileRef = B94BB8C52A032E980091827B /* MainView+Layout.swift */; };
		B94BB8C82A037DD90091827B /* HomeHeaderView.swift in Sources */ = {isa = PBXBuildFile; fileRef = B94BB8C72A037DD90091827B /* HomeHeaderView.swift */; };
		B94D52FE29F2290000770663 /* GoalAddViewModel.swift in Sources */ = {isa = PBXBuildFile; fileRef = B94D52FD29F2290000770663 /* GoalAddViewModel.swift */; };
		B95C12FA29FF790C009FDFA5 /* UITextView+Rx.swift in Sources */ = {isa = PBXBuildFile; fileRef = B95C12F929FF790C009FDFA5 /* UITextView+Rx.swift */; };
		B95C727829F52460003106B2 /* FScalendar+Rx.swift in Sources */ = {isa = PBXBuildFile; fileRef = B95C727729F52460003106B2 /* FScalendar+Rx.swift */; };
		B95C727B29F561D3003106B2 /* NoteViewModel.swift in Sources */ = {isa = PBXBuildFile; fileRef = B95C727A29F561D3003106B2 /* NoteViewModel.swift */; };
		B95C727E29F565C3003106B2 /* NoteAddViewModel.swift in Sources */ = {isa = PBXBuildFile; fileRef = B95C727D29F565C3003106B2 /* NoteAddViewModel.swift */; };
		B96211F729F3AA010026FE0B /* MainViewModel.swift in Sources */ = {isa = PBXBuildFile; fileRef = B96211F629F3AA010026FE0B /* MainViewModel.swift */; };
		B96211F929F3AEC00026FE0B /* ViewModelType in Sources */ = {isa = PBXBuildFile; fileRef = B96211F829F3AEC00026FE0B /* ViewModelType */; };
		B962121829F3C6250026FE0B /* RxRealm in Frameworks */ = {isa = PBXBuildFile; productRef = B962121729F3C6250026FE0B /* RxRealm */; };
		B962121B29F3C6520026FE0B /* Differentiator in Frameworks */ = {isa = PBXBuildFile; productRef = B962121A29F3C6520026FE0B /* Differentiator */; };
		B962121D29F3C6520026FE0B /* RxDataSources in Frameworks */ = {isa = PBXBuildFile; productRef = B962121C29F3C6520026FE0B /* RxDataSources */; };
		B965D04E29ED091A00CCB9A1 /* AppDelegate.swift in Sources */ = {isa = PBXBuildFile; fileRef = B965D04D29ED091A00CCB9A1 /* AppDelegate.swift */; };
		B965D05029ED091A00CCB9A1 /* SceneDelegate.swift in Sources */ = {isa = PBXBuildFile; fileRef = B965D04F29ED091A00CCB9A1 /* SceneDelegate.swift */; };
		B965D05729ED091A00CCB9A1 /* Assets.xcassets in Resources */ = {isa = PBXBuildFile; fileRef = B965D05629ED091A00CCB9A1 /* Assets.xcassets */; };
		B965D05A29ED091A00CCB9A1 /* LaunchScreen.storyboard in Resources */ = {isa = PBXBuildFile; fileRef = B965D05829ED091A00CCB9A1 /* LaunchScreen.storyboard */; };
		B965D06229ED0A6300CCB9A1 /* MainView.swift in Sources */ = {isa = PBXBuildFile; fileRef = B965D06129ED0A6300CCB9A1 /* MainView.swift */; };
		B965D06629ED0E1500CCB9A1 /* SnapKit in Frameworks */ = {isa = PBXBuildFile; productRef = B965D06529ED0E1500CCB9A1 /* SnapKit */; };
		B965D06929ED0E2200CCB9A1 /* Then in Frameworks */ = {isa = PBXBuildFile; productRef = B965D06829ED0E2200CCB9A1 /* Then */; };
		B965D07729ED127700CCB9A1 /* Goal.swift in Sources */ = {isa = PBXBuildFile; fileRef = B965D07629ED127700CCB9A1 /* Goal.swift */; };
		B965D07E29ED636000CCB9A1 /* HomeItemCell.swift in Sources */ = {isa = PBXBuildFile; fileRef = B965D07D29ED636000CCB9A1 /* HomeItemCell.swift */; };
		B969863929F108E900865AB2 /* GoalAddMainCell.swift in Sources */ = {isa = PBXBuildFile; fileRef = B969863829F108E900865AB2 /* GoalAddMainCell.swift */; };
		B969863D29F110E300865AB2 /* GoalDateCell.swift in Sources */ = {isa = PBXBuildFile; fileRef = B969863C29F110E300865AB2 /* GoalDateCell.swift */; };
		B969863F29F114DE00865AB2 /* GoalColorCell.swift in Sources */ = {isa = PBXBuildFile; fileRef = B969863E29F114DE00865AB2 /* GoalColorCell.swift */; };
		B969864129F1185300865AB2 /* GoalItemCell.swift in Sources */ = {isa = PBXBuildFile; fileRef = B969864029F1185300865AB2 /* GoalItemCell.swift */; };
		B96A3D1C29F9FBE4009F421D /* Date+.swift in Sources */ = {isa = PBXBuildFile; fileRef = B96A3D1B29F9FBE4009F421D /* Date+.swift */; };
		B96A3D2029FA0A36009F421D /* BaseView.swift in Sources */ = {isa = PBXBuildFile; fileRef = B96A3D1F29FA0A36009F421D /* BaseView.swift */; };
		B96A3D2229FA4010009F421D /* UIColor+.swift in Sources */ = {isa = PBXBuildFile; fileRef = B96A3D2129FA4010009F421D /* UIColor+.swift */; };
		B96A3D2429FA9BC2009F421D /* DotProgressBar.swift in Sources */ = {isa = PBXBuildFile; fileRef = B96A3D2329FA9BC2009F421D /* DotProgressBar.swift */; };
		B9752EC02A020B42005420C2 /* GoalHeaderView.swift in Sources */ = {isa = PBXBuildFile; fileRef = B9752EBF2A020B42005420C2 /* GoalHeaderView.swift */; };
		B9752EC22A022060005420C2 /* UITextView+.swift in Sources */ = {isa = PBXBuildFile; fileRef = B9752EC12A022060005420C2 /* UITextView+.swift */; };
		B9AB1BD029FFE72B0078D3F0 /* Constants.swift in Sources */ = {isa = PBXBuildFile; fileRef = B9AB1BCF29FFE72B0078D3F0 /* Constants.swift */; };
		B9AB1BD429FFF3CC0078D3F0 /* ContainerItemView.swift in Sources */ = {isa = PBXBuildFile; fileRef = B9AB1BD329FFF3CC0078D3F0 /* ContainerItemView.swift */; };
		B9C7B4A42A047FDE005D15BD /* TaskCell.swift in Sources */ = {isa = PBXBuildFile; fileRef = B9C7B4A32A047FDE005D15BD /* TaskCell.swift */; };
		B9C7B4A82A04CBB8005D15BD /* Dovemayo_wild.ttf in Resources */ = {isa = PBXBuildFile; fileRef = B9C7B4A72A04CBB8005D15BD /* Dovemayo_wild.ttf */; };
		B9C7B4AA2A04CC5B005D15BD /* UIFont+.swift in Sources */ = {isa = PBXBuildFile; fileRef = B9C7B4A92A04CC5B005D15BD /* UIFont+.swift */; };
		B9EDD1B029FE3D50004A9272 /* DataManager.swift in Sources */ = {isa = PBXBuildFile; fileRef = B9EDD1AF29FE3D50004A9272 /* DataManager.swift */; };
		B9EDF1B42A02580200097160 /* CalendarCell.swift in Sources */ = {isa = PBXBuildFile; fileRef = B9EDF1B32A02580200097160 /* CalendarCell.swift */; };
		B9F1D47529F9428A00DE7D84 /* CalendarLineViewModel.swift in Sources */ = {isa = PBXBuildFile; fileRef = B9F1D47429F9428A00DE7D84 /* CalendarLineViewModel.swift */; };
		B9F29DB62A01168C00D6B350 /* UIButton+.swift in Sources */ = {isa = PBXBuildFile; fileRef = B9F29DB52A01168C00D6B350 /* UIButton+.swift */; };
		B9F29DB82A0120BB00D6B350 /* GoalTaskCell.swift in Sources */ = {isa = PBXBuildFile; fileRef = B9F29DB72A0120BB00D6B350 /* GoalTaskCell.swift */; };
/* End PBXBuildFile section */

/* Begin PBXFileReference section */
		B90084C429EE0D31006D7E39 /* NoteView.swift */ = {isa = PBXFileReference; lastKnownFileType = sourcecode.swift; path = NoteView.swift; sourceTree = "<group>"; };
		B90084C629EE0F3E006D7E39 /* NoteCell.swift */ = {isa = PBXFileReference; lastKnownFileType = sourcecode.swift; path = NoteCell.swift; sourceTree = "<group>"; };
		B90084C829EE1541006D7E39 /* Note.swift */ = {isa = PBXFileReference; lastKnownFileType = sourcecode.swift; path = Note.swift; sourceTree = "<group>"; };
		B90084CD29EE1F69006D7E39 /* NoteAddView.swift */ = {isa = PBXFileReference; lastKnownFileType = sourcecode.swift; path = NoteAddView.swift; sourceTree = "<group>"; };
		B90084D529EEA136006D7E39 /* GoalAddView.swift */ = {isa = PBXFileReference; lastKnownFileType = sourcecode.swift; path = GoalAddView.swift; sourceTree = "<group>"; };
		B90084DA29EEA5D5006D7E39 /* CalendarLineView.swift */ = {isa = PBXFileReference; lastKnownFileType = sourcecode.swift; path = CalendarLineView.swift; sourceTree = "<group>"; };
		B941F0DE29FBF0D6008993D7 /* FailGoalView.swift */ = {isa = PBXFileReference; lastKnownFileType = sourcecode.swift; path = FailGoalView.swift; sourceTree = "<group>"; };
		B94509E029F634DD008C0C97 /* GoalDetailView.swift */ = {isa = PBXFileReference; lastKnownFileType = sourcecode.swift; path = GoalDetailView.swift; sourceTree = "<group>"; };
		B94509E229F65580008C0C97 /* CircleView.swift */ = {isa = PBXFileReference; lastKnownFileType = sourcecode.swift; path = CircleView.swift; sourceTree = "<group>"; };
		B94BB8C52A032E980091827B /* MainView+Layout.swift */ = {isa = PBXFileReference; lastKnownFileType = sourcecode.swift; path = "MainView+Layout.swift"; sourceTree = "<group>"; };
		B94BB8C72A037DD90091827B /* HomeHeaderView.swift */ = {isa = PBXFileReference; lastKnownFileType = sourcecode.swift; path = HomeHeaderView.swift; sourceTree = "<group>"; };
		B94D52FD29F2290000770663 /* GoalAddViewModel.swift */ = {isa = PBXFileReference; lastKnownFileType = sourcecode.swift; path = GoalAddViewModel.swift; sourceTree = "<group>"; };
		B95C12F929FF790C009FDFA5 /* UITextView+Rx.swift */ = {isa = PBXFileReference; lastKnownFileType = sourcecode.swift; path = "UITextView+Rx.swift"; sourceTree = "<group>"; };
		B95C727729F52460003106B2 /* FScalendar+Rx.swift */ = {isa = PBXFileReference; lastKnownFileType = sourcecode.swift; path = "FScalendar+Rx.swift"; sourceTree = "<group>"; };
		B95C727A29F561D3003106B2 /* NoteViewModel.swift */ = {isa = PBXFileReference; lastKnownFileType = sourcecode.swift; path = NoteViewModel.swift; sourceTree = "<group>"; };
		B95C727D29F565C3003106B2 /* NoteAddViewModel.swift */ = {isa = PBXFileReference; lastKnownFileType = sourcecode.swift; path = NoteAddViewModel.swift; sourceTree = "<group>"; };
		B96211F629F3AA010026FE0B /* MainViewModel.swift */ = {isa = PBXFileReference; lastKnownFileType = sourcecode.swift; path = MainViewModel.swift; sourceTree = "<group>"; };
		B96211F829F3AEC00026FE0B /* ViewModelType */ = {isa = PBXFileReference; lastKnownFileType = text; path = ViewModelType; sourceTree = "<group>"; };
		B965D04A29ED091A00CCB9A1 /* LoadMap.app */ = {isa = PBXFileReference; explicitFileType = wrapper.application; includeInIndex = 0; path = LoadMap.app; sourceTree = BUILT_PRODUCTS_DIR; };
		B965D04D29ED091A00CCB9A1 /* AppDelegate.swift */ = {isa = PBXFileReference; lastKnownFileType = sourcecode.swift; path = AppDelegate.swift; sourceTree = "<group>"; };
		B965D04F29ED091A00CCB9A1 /* SceneDelegate.swift */ = {isa = PBXFileReference; lastKnownFileType = sourcecode.swift; path = SceneDelegate.swift; sourceTree = "<group>"; };
		B965D05629ED091A00CCB9A1 /* Assets.xcassets */ = {isa = PBXFileReference; lastKnownFileType = folder.assetcatalog; path = Assets.xcassets; sourceTree = "<group>"; };
		B965D05929ED091A00CCB9A1 /* Base */ = {isa = PBXFileReference; lastKnownFileType = file.storyboard; name = Base; path = Base.lproj/LaunchScreen.storyboard; sourceTree = "<group>"; };
		B965D05B29ED091A00CCB9A1 /* Info.plist */ = {isa = PBXFileReference; lastKnownFileType = text.plist.xml; path = Info.plist; sourceTree = "<group>"; };
		B965D06129ED0A6300CCB9A1 /* MainView.swift */ = {isa = PBXFileReference; lastKnownFileType = sourcecode.swift; path = MainView.swift; sourceTree = "<group>"; };
		B965D07629ED127700CCB9A1 /* Goal.swift */ = {isa = PBXFileReference; lastKnownFileType = sourcecode.swift; path = Goal.swift; sourceTree = "<group>"; };
		B965D07D29ED636000CCB9A1 /* HomeItemCell.swift */ = {isa = PBXFileReference; lastKnownFileType = sourcecode.swift; path = HomeItemCell.swift; sourceTree = "<group>"; };
		B969863829F108E900865AB2 /* GoalAddMainCell.swift */ = {isa = PBXFileReference; lastKnownFileType = sourcecode.swift; path = GoalAddMainCell.swift; sourceTree = "<group>"; };
		B969863C29F110E300865AB2 /* GoalDateCell.swift */ = {isa = PBXFileReference; lastKnownFileType = sourcecode.swift; path = GoalDateCell.swift; sourceTree = "<group>"; };
		B969863E29F114DE00865AB2 /* GoalColorCell.swift */ = {isa = PBXFileReference; lastKnownFileType = sourcecode.swift; path = GoalColorCell.swift; sourceTree = "<group>"; };
		B969864029F1185300865AB2 /* GoalItemCell.swift */ = {isa = PBXFileReference; lastKnownFileType = sourcecode.swift; path = GoalItemCell.swift; sourceTree = "<group>"; };
		B96A3D1B29F9FBE4009F421D /* Date+.swift */ = {isa = PBXFileReference; lastKnownFileType = sourcecode.swift; path = "Date+.swift"; sourceTree = "<group>"; };
		B96A3D1F29FA0A36009F421D /* BaseView.swift */ = {isa = PBXFileReference; lastKnownFileType = sourcecode.swift; path = BaseView.swift; sourceTree = "<group>"; };
		B96A3D2129FA4010009F421D /* UIColor+.swift */ = {isa = PBXFileReference; lastKnownFileType = sourcecode.swift; path = "UIColor+.swift"; sourceTree = "<group>"; };
		B96A3D2329FA9BC2009F421D /* DotProgressBar.swift */ = {isa = PBXFileReference; lastKnownFileType = sourcecode.swift; path = DotProgressBar.swift; sourceTree = "<group>"; };
		B9752EBF2A020B42005420C2 /* GoalHeaderView.swift */ = {isa = PBXFileReference; lastKnownFileType = sourcecode.swift; path = GoalHeaderView.swift; sourceTree = "<group>"; };
		B9752EC12A022060005420C2 /* UITextView+.swift */ = {isa = PBXFileReference; lastKnownFileType = sourcecode.swift; path = "UITextView+.swift"; sourceTree = "<group>"; };
		B9AB1BCF29FFE72B0078D3F0 /* Constants.swift */ = {isa = PBXFileReference; lastKnownFileType = sourcecode.swift; path = Constants.swift; sourceTree = "<group>"; };
		B9AB1BD329FFF3CC0078D3F0 /* ContainerItemView.swift */ = {isa = PBXFileReference; lastKnownFileType = sourcecode.swift; path = ContainerItemView.swift; sourceTree = "<group>"; };
		B9C7B4A32A047FDE005D15BD /* TaskCell.swift */ = {isa = PBXFileReference; lastKnownFileType = sourcecode.swift; path = TaskCell.swift; sourceTree = "<group>"; };
		B9C7B4A72A04CBB8005D15BD /* Dovemayo_wild.ttf */ = {isa = PBXFileReference; lastKnownFileType = file; path = Dovemayo_wild.ttf; sourceTree = "<group>"; };
		B9C7B4A92A04CC5B005D15BD /* UIFont+.swift */ = {isa = PBXFileReference; lastKnownFileType = sourcecode.swift; path = "UIFont+.swift"; sourceTree = "<group>"; };
		B9EDD1AF29FE3D50004A9272 /* DataManager.swift */ = {isa = PBXFileReference; lastKnownFileType = sourcecode.swift; path = DataManager.swift; sourceTree = "<group>"; };
		B9EDF1B32A02580200097160 /* CalendarCell.swift */ = {isa = PBXFileReference; lastKnownFileType = sourcecode.swift; path = CalendarCell.swift; sourceTree = "<group>"; };
		B9F1D47429F9428A00DE7D84 /* CalendarLineViewModel.swift */ = {isa = PBXFileReference; lastKnownFileType = sourcecode.swift; path = CalendarLineViewModel.swift; sourceTree = "<group>"; };
		B9F29DB52A01168C00D6B350 /* UIButton+.swift */ = {isa = PBXFileReference; lastKnownFileType = sourcecode.swift; path = "UIButton+.swift"; sourceTree = "<group>"; };
		B9F29DB72A0120BB00D6B350 /* GoalTaskCell.swift */ = {isa = PBXFileReference; lastKnownFileType = sourcecode.swift; path = GoalTaskCell.swift; sourceTree = "<group>"; };
/* End PBXFileReference section */

/* Begin PBXFrameworksBuildPhase section */
		B965D04729ED091900CCB9A1 /* Frameworks */ = {
			isa = PBXFrameworksBuildPhase;
			buildActionMask = 2147483647;
			files = (
				B965D06629ED0E1500CCB9A1 /* SnapKit in Frameworks */,
				B962121B29F3C6520026FE0B /* Differentiator in Frameworks */,
				B965D06929ED0E2200CCB9A1 /* Then in Frameworks */,
				B962121D29F3C6520026FE0B /* RxDataSources in Frameworks */,
				B962121829F3C6250026FE0B /* RxRealm in Frameworks */,
				B90084D929EEA5C5006D7E39 /* FSCalendar in Frameworks */,
			);
			runOnlyForDeploymentPostprocessing = 0;
		};
/* End PBXFrameworksBuildPhase section */

/* Begin PBXGroup section */
		B90084CF29EE63BC006D7E39 /* Cell */ = {
			isa = PBXGroup;
			children = (
				B969863829F108E900865AB2 /* GoalAddMainCell.swift */,
				B969863E29F114DE00865AB2 /* GoalColorCell.swift */,
				B969863C29F110E300865AB2 /* GoalDateCell.swift */,
				B969864029F1185300865AB2 /* GoalItemCell.swift */,
				B9F29DB72A0120BB00D6B350 /* GoalTaskCell.swift */,
				B9752EBF2A020B42005420C2 /* GoalHeaderView.swift */,
			);
			path = Cell;
			sourceTree = "<group>";
		};
		B941F0DB29FB72D3008993D7 /* Cell */ = {
			isa = PBXGroup;
			children = (
				B90084C629EE0F3E006D7E39 /* NoteCell.swift */,
				B9EDF1B32A02580200097160 /* CalendarCell.swift */,
			);
			path = Cell;
			sourceTree = "<group>";
		};
		B941F0DC29FBBE4F008993D7 /* Main */ = {
			isa = PBXGroup;
			children = (
				B9EDD1B129FE4267004A9272 /* Views */,
			);
			path = Main;
			sourceTree = "<group>";
		};
		B941F0DD29FBBE60008993D7 /* Note */ = {
			isa = PBXGroup;
			children = (
				B9EDD1B429FE72DD004A9272 /* View */,
				B9EDD1B529FE72EB004A9272 /* ViewModel */,
				B95C727929F5613E003106B2 /* NotePage */,
			);
			path = Note;
			sourceTree = "<group>";
		};
		B94509DF29F5F977008C0C97 /* CalendarPage */ = {
			isa = PBXGroup;
			children = (
				B9EDD1B629FE77BE004A9272 /* View */,
				B9EDD1B729FE77C4004A9272 /* ViewModel */,
			);
			path = CalendarPage;
			sourceTree = "<group>";
		};
		B94BB8C12A032A630091827B /* Main */ = {
			isa = PBXGroup;
			children = (
				B94BB8C42A032B5E0091827B /* Cell */,
				B965D06129ED0A6300CCB9A1 /* MainView.swift */,
				B96211F629F3AA010026FE0B /* MainViewModel.swift */,
				B94BB8C52A032E980091827B /* MainView+Layout.swift */,
			);
			path = Main;
			sourceTree = "<group>";
		};
		B94BB8C22A032AA40091827B /* Prepare */ = {
			isa = PBXGroup;
			children = (
				B90084D529EEA136006D7E39 /* GoalAddView.swift */,
				B94D52FD29F2290000770663 /* GoalAddViewModel.swift */,
			);
			path = Prepare;
			sourceTree = "<group>";
		};
		B94BB8C32A032B490091827B /* Detail */ = {
			isa = PBXGroup;
			children = (
				B94509E029F634DD008C0C97 /* GoalDetailView.swift */,
			);
			path = Detail;
			sourceTree = "<group>";
		};
		B94BB8C42A032B5E0091827B /* Cell */ = {
			isa = PBXGroup;
			children = (
				B965D07D29ED636000CCB9A1 /* HomeItemCell.swift */,
				B94BB8C72A037DD90091827B /* HomeHeaderView.swift */,
				B9C7B4A32A047FDE005D15BD /* TaskCell.swift */,
			);
			path = Cell;
			sourceTree = "<group>";
		};
		B95C727929F5613E003106B2 /* NotePage */ = {
			isa = PBXGroup;
			children = (
			);
			path = NotePage;
			sourceTree = "<group>";
		};
		B96211FA29F3AEC30026FE0B /* Common */ = {
			isa = PBXGroup;
			children = (
				B9EDD1AE29FE3B72004A9272 /* Managers */,
				B9EDD1AD29FE3B5B004A9272 /* Constants */,
				B9EDD1AB29FE3B3A004A9272 /* Extensions */,
				B9EDD1AC29FE3B49004A9272 /* Customs */,
				B96211F829F3AEC00026FE0B /* ViewModelType */,
				B95C727729F52460003106B2 /* FScalendar+Rx.swift */,
			);
			path = Common;
			sourceTree = "<group>";
		};
		B965D04129ED091900CCB9A1 = {
			isa = PBXGroup;
			children = (
				B965D04C29ED091A00CCB9A1 /* LoadMap */,
				B965D04B29ED091A00CCB9A1 /* Products */,
			);
			sourceTree = "<group>";
		};
		B965D04B29ED091A00CCB9A1 /* Products */ = {
			isa = PBXGroup;
			children = (
				B965D04A29ED091A00CCB9A1 /* LoadMap.app */,
			);
			name = Products;
			sourceTree = "<group>";
		};
		B965D04C29ED091A00CCB9A1 /* LoadMap */ = {
			isa = PBXGroup;
			children = (
				B965D04D29ED091A00CCB9A1 /* AppDelegate.swift */,
				B965D04F29ED091A00CCB9A1 /* SceneDelegate.swift */,
				B96211FA29F3AEC30026FE0B /* Common */,
				B965D07829ED127B00CCB9A1 /* Model */,
				B965D06329ED0A6800CCB9A1 /* View */,
				B965D05629ED091A00CCB9A1 /* Assets.xcassets */,
				B965D05829ED091A00CCB9A1 /* LaunchScreen.storyboard */,
				B965D05B29ED091A00CCB9A1 /* Info.plist */,
				B9C7B4A72A04CBB8005D15BD /* Dovemayo_wild.ttf */,
			);
			path = LoadMap;
			sourceTree = "<group>";
		};
		B965D06329ED0A6800CCB9A1 /* View */ = {
			isa = PBXGroup;
			children = (
				B941F0DC29FBBE4F008993D7 /* Main */,
				B941F0DD29FBBE60008993D7 /* Note */,
				B94509DF29F5F977008C0C97 /* CalendarPage */,
				B941F0DE29FBF0D6008993D7 /* FailGoalView.swift */,
			);
			path = View;
			sourceTree = "<group>";
		};
		B965D07829ED127B00CCB9A1 /* Model */ = {
			isa = PBXGroup;
			children = (
				B965D07629ED127700CCB9A1 /* Goal.swift */,
				B90084C829EE1541006D7E39 /* Note.swift */,
			);
			path = Model;
			sourceTree = "<group>";
		};
		B9EDD1AB29FE3B3A004A9272 /* Extensions */ = {
			isa = PBXGroup;
			children = (
				B96A3D1B29F9FBE4009F421D /* Date+.swift */,
				B96A3D2129FA4010009F421D /* UIColor+.swift */,
				B95C12F929FF790C009FDFA5 /* UITextView+Rx.swift */,
				B9F29DB52A01168C00D6B350 /* UIButton+.swift */,
				B9752EC12A022060005420C2 /* UITextView+.swift */,
				B9C7B4A92A04CC5B005D15BD /* UIFont+.swift */,
			);
			path = Extensions;
			sourceTree = "<group>";
		};
		B9EDD1AC29FE3B49004A9272 /* Customs */ = {
			isa = PBXGroup;
			children = (
				B94509E229F65580008C0C97 /* CircleView.swift */,
				B96A3D1F29FA0A36009F421D /* BaseView.swift */,
				B96A3D2329FA9BC2009F421D /* DotProgressBar.swift */,
				B9AB1BD329FFF3CC0078D3F0 /* ContainerItemView.swift */,
			);
			path = Customs;
			sourceTree = "<group>";
		};
		B9EDD1AD29FE3B5B004A9272 /* Constants */ = {
			isa = PBXGroup;
			children = (
				B9AB1BCF29FFE72B0078D3F0 /* Constants.swift */,
			);
			path = Constants;
			sourceTree = "<group>";
		};
		B9EDD1AE29FE3B72004A9272 /* Managers */ = {
			isa = PBXGroup;
			children = (
				B9EDD1AF29FE3D50004A9272 /* DataManager.swift */,
			);
			path = Managers;
			sourceTree = "<group>";
		};
		B9EDD1B129FE4267004A9272 /* Views */ = {
			isa = PBXGroup;
			children = (
				B94BB8C32A032B490091827B /* Detail */,
				B94BB8C22A032AA40091827B /* Prepare */,
				B94BB8C12A032A630091827B /* Main */,
				B90084CF29EE63BC006D7E39 /* Cell */,
			);
			path = Views;
			sourceTree = "<group>";
		};
		B9EDD1B429FE72DD004A9272 /* View */ = {
			isa = PBXGroup;
			children = (
				B941F0DB29FB72D3008993D7 /* Cell */,
				B90084C429EE0D31006D7E39 /* NoteView.swift */,
				B90084CD29EE1F69006D7E39 /* NoteAddView.swift */,
			);
			path = View;
			sourceTree = "<group>";
		};
		B9EDD1B529FE72EB004A9272 /* ViewModel */ = {
			isa = PBXGroup;
			children = (
				B95C727A29F561D3003106B2 /* NoteViewModel.swift */,
				B95C727D29F565C3003106B2 /* NoteAddViewModel.swift */,
			);
			path = ViewModel;
			sourceTree = "<group>";
		};
		B9EDD1B629FE77BE004A9272 /* View */ = {
			isa = PBXGroup;
			children = (
				B90084DA29EEA5D5006D7E39 /* CalendarLineView.swift */,
			);
			path = View;
			sourceTree = "<group>";
		};
		B9EDD1B729FE77C4004A9272 /* ViewModel */ = {
			isa = PBXGroup;
			children = (
				B9F1D47429F9428A00DE7D84 /* CalendarLineViewModel.swift */,
			);
			path = ViewModel;
			sourceTree = "<group>";
		};
/* End PBXGroup section */

/* Begin PBXNativeTarget section */
		B965D04929ED091900CCB9A1 /* LoadMap */ = {
			isa = PBXNativeTarget;
			buildConfigurationList = B965D05E29ED091A00CCB9A1 /* Build configuration list for PBXNativeTarget "LoadMap" */;
			buildPhases = (
				B965D04629ED091900CCB9A1 /* Sources */,
				B965D04729ED091900CCB9A1 /* Frameworks */,
				B965D04829ED091900CCB9A1 /* Resources */,
			);
			buildRules = (
			);
			dependencies = (
			);
			name = LoadMap;
			packageProductDependencies = (
				B965D06529ED0E1500CCB9A1 /* SnapKit */,
				B965D06829ED0E2200CCB9A1 /* Then */,
				B90084D829EEA5C5006D7E39 /* FSCalendar */,
				B962121729F3C6250026FE0B /* RxRealm */,
				B962121A29F3C6520026FE0B /* Differentiator */,
				B962121C29F3C6520026FE0B /* RxDataSources */,
			);
			productName = LoadMap;
			productReference = B965D04A29ED091A00CCB9A1 /* LoadMap.app */;
			productType = "com.apple.product-type.application";
		};
/* End PBXNativeTarget section */

/* Begin PBXProject section */
		B965D04229ED091900CCB9A1 /* Project object */ = {
			isa = PBXProject;
			attributes = {
				BuildIndependentTargetsInParallel = 1;
				LastSwiftUpdateCheck = 1430;
				LastUpgradeCheck = 1430;
				TargetAttributes = {
					B965D04929ED091900CCB9A1 = {
						CreatedOnToolsVersion = 14.3;
					};
				};
			};
			buildConfigurationList = B965D04529ED091900CCB9A1 /* Build configuration list for PBXProject "LoadMap" */;
			compatibilityVersion = "Xcode 14.0";
			developmentRegion = en;
			hasScannedForEncodings = 0;
			knownRegions = (
				en,
				Base,
			);
			mainGroup = B965D04129ED091900CCB9A1;
			packageReferences = (
				B965D06429ED0E1500CCB9A1 /* XCRemoteSwiftPackageReference "SnapKit" */,
				B965D06729ED0E2200CCB9A1 /* XCRemoteSwiftPackageReference "Then" */,
				B90084D729EEA5C5006D7E39 /* XCRemoteSwiftPackageReference "FSCalendar" */,
				B962121629F3C6250026FE0B /* XCRemoteSwiftPackageReference "RxRealm" */,
				B962121929F3C6520026FE0B /* XCRemoteSwiftPackageReference "RxDataSources" */,
			);
			productRefGroup = B965D04B29ED091A00CCB9A1 /* Products */;
			projectDirPath = "";
			projectRoot = "";
			targets = (
				B965D04929ED091900CCB9A1 /* LoadMap */,
			);
		};
/* End PBXProject section */

/* Begin PBXResourcesBuildPhase section */
		B965D04829ED091900CCB9A1 /* Resources */ = {
			isa = PBXResourcesBuildPhase;
			buildActionMask = 2147483647;
			files = (
				B965D05A29ED091A00CCB9A1 /* LaunchScreen.storyboard in Resources */,
				B9C7B4A82A04CBB8005D15BD /* Dovemayo_wild.ttf in Resources */,
				B965D05729ED091A00CCB9A1 /* Assets.xcassets in Resources */,
			);
			runOnlyForDeploymentPostprocessing = 0;
		};
/* End PBXResourcesBuildPhase section */

/* Begin PBXSourcesBuildPhase section */
		B965D04629ED091900CCB9A1 /* Sources */ = {
			isa = PBXSourcesBuildPhase;
			buildActionMask = 2147483647;
			files = (
				B969863929F108E900865AB2 /* GoalAddMainCell.swift in Sources */,
				B95C12FA29FF790C009FDFA5 /* UITextView+Rx.swift in Sources */,
				B9752EC02A020B42005420C2 /* GoalHeaderView.swift in Sources */,
				B941F0DF29FBF0D6008993D7 /* FailGoalView.swift in Sources */,
				B965D06229ED0A6300CCB9A1 /* MainView.swift in Sources */,
				B965D04E29ED091A00CCB9A1 /* AppDelegate.swift in Sources */,
				B90084DB29EEA5D5006D7E39 /* CalendarLineView.swift in Sources */,
				B969863F29F114DE00865AB2 /* GoalColorCell.swift in Sources */,
				B90084D629EEA136006D7E39 /* GoalAddView.swift in Sources */,
				B90084CE29EE1F69006D7E39 /* NoteAddView.swift in Sources */,
				B9C7B4AA2A04CC5B005D15BD /* UIFont+.swift in Sources */,
				B965D07729ED127700CCB9A1 /* Goal.swift in Sources */,
				B94D52FE29F2290000770663 /* GoalAddViewModel.swift in Sources */,
				B9AB1BD429FFF3CC0078D3F0 /* ContainerItemView.swift in Sources */,
				B94509E129F634DD008C0C97 /* GoalDetailView.swift in Sources */,
				B96211F929F3AEC00026FE0B /* ViewModelType in Sources */,
				B94BB8C62A032E980091827B /* MainView+Layout.swift in Sources */,
				B95C727E29F565C3003106B2 /* NoteAddViewModel.swift in Sources */,
				B9F29DB82A0120BB00D6B350 /* GoalTaskCell.swift in Sources */,
				B96A3D2229FA4010009F421D /* UIColor+.swift in Sources */,
				B96A3D2029FA0A36009F421D /* BaseView.swift in Sources */,
				B96A3D1C29F9FBE4009F421D /* Date+.swift in Sources */,
				B9C7B4A42A047FDE005D15BD /* TaskCell.swift in Sources */,
				B9EDD1B029FE3D50004A9272 /* DataManager.swift in Sources */,
				B965D07E29ED636000CCB9A1 /* HomeItemCell.swift in Sources */,
				B96211F729F3AA010026FE0B /* MainViewModel.swift in Sources */,
				B9752EC22A022060005420C2 /* UITextView+.swift in Sources */,
				B9F29DB62A01168C00D6B350 /* UIButton+.swift in Sources */,
				B90084C929EE1541006D7E39 /* Note.swift in Sources */,
				B96A3D2429FA9BC2009F421D /* DotProgressBar.swift in Sources */,
				B9AB1BD029FFE72B0078D3F0 /* Constants.swift in Sources */,
				B95C727B29F561D3003106B2 /* NoteViewModel.swift in Sources */,
				B9EDF1B42A02580200097160 /* CalendarCell.swift in Sources */,
				B969863D29F110E300865AB2 /* GoalDateCell.swift in Sources */,
				B90084C529EE0D31006D7E39 /* NoteView.swift in Sources */,
				B965D05029ED091A00CCB9A1 /* SceneDelegate.swift in Sources */,
				B90084C729EE0F3E006D7E39 /* NoteCell.swift in Sources */,
				B9F1D47529F9428A00DE7D84 /* CalendarLineViewModel.swift in Sources */,
				B94BB8C82A037DD90091827B /* HomeHeaderView.swift in Sources */,
				B95C727829F52460003106B2 /* FScalendar+Rx.swift in Sources */,
				B969864129F1185300865AB2 /* GoalItemCell.swift in Sources */,
				B94509E329F65580008C0C97 /* CircleView.swift in Sources */,
			);
			runOnlyForDeploymentPostprocessing = 0;
		};
/* End PBXSourcesBuildPhase section */

/* Begin PBXVariantGroup section */
		B965D05829ED091A00CCB9A1 /* LaunchScreen.storyboard */ = {
			isa = PBXVariantGroup;
			children = (
				B965D05929ED091A00CCB9A1 /* Base */,
			);
			name = LaunchScreen.storyboard;
			sourceTree = "<group>";
		};
/* End PBXVariantGroup section */

/* Begin XCBuildConfiguration section */
		B965D05C29ED091A00CCB9A1 /* Debug */ = {
			isa = XCBuildConfiguration;
			buildSettings = {
				ALWAYS_SEARCH_USER_PATHS = NO;
				CLANG_ANALYZER_NONNULL = YES;
				CLANG_ANALYZER_NUMBER_OBJECT_CONVERSION = YES_AGGRESSIVE;
				CLANG_CXX_LANGUAGE_STANDARD = "gnu++20";
				CLANG_ENABLE_MODULES = YES;
				CLANG_ENABLE_OBJC_ARC = YES;
				CLANG_ENABLE_OBJC_WEAK = YES;
				CLANG_WARN_BLOCK_CAPTURE_AUTORELEASING = YES;
				CLANG_WARN_BOOL_CONVERSION = YES;
				CLANG_WARN_COMMA = YES;
				CLANG_WARN_CONSTANT_CONVERSION = YES;
				CLANG_WARN_DEPRECATED_OBJC_IMPLEMENTATIONS = YES;
				CLANG_WARN_DIRECT_OBJC_ISA_USAGE = YES_ERROR;
				CLANG_WARN_DOCUMENTATION_COMMENTS = YES;
				CLANG_WARN_EMPTY_BODY = YES;
				CLANG_WARN_ENUM_CONVERSION = YES;
				CLANG_WARN_INFINITE_RECURSION = YES;
				CLANG_WARN_INT_CONVERSION = YES;
				CLANG_WARN_NON_LITERAL_NULL_CONVERSION = YES;
				CLANG_WARN_OBJC_IMPLICIT_RETAIN_SELF = YES;
				CLANG_WARN_OBJC_LITERAL_CONVERSION = YES;
				CLANG_WARN_OBJC_ROOT_CLASS = YES_ERROR;
				CLANG_WARN_QUOTED_INCLUDE_IN_FRAMEWORK_HEADER = YES;
				CLANG_WARN_RANGE_LOOP_ANALYSIS = YES;
				CLANG_WARN_STRICT_PROTOTYPES = YES;
				CLANG_WARN_SUSPICIOUS_MOVE = YES;
				CLANG_WARN_UNGUARDED_AVAILABILITY = YES_AGGRESSIVE;
				CLANG_WARN_UNREACHABLE_CODE = YES;
				CLANG_WARN__DUPLICATE_METHOD_MATCH = YES;
				COPY_PHASE_STRIP = NO;
				DEBUG_INFORMATION_FORMAT = dwarf;
				ENABLE_STRICT_OBJC_MSGSEND = YES;
				ENABLE_TESTABILITY = YES;
				GCC_C_LANGUAGE_STANDARD = gnu11;
				GCC_DYNAMIC_NO_PIC = NO;
				GCC_NO_COMMON_BLOCKS = YES;
				GCC_OPTIMIZATION_LEVEL = 0;
				GCC_PREPROCESSOR_DEFINITIONS = (
					"DEBUG=1",
					"$(inherited)",
				);
				GCC_WARN_64_TO_32_BIT_CONVERSION = YES;
				GCC_WARN_ABOUT_RETURN_TYPE = YES_ERROR;
				GCC_WARN_UNDECLARED_SELECTOR = YES;
				GCC_WARN_UNINITIALIZED_AUTOS = YES_AGGRESSIVE;
				GCC_WARN_UNUSED_FUNCTION = YES;
				GCC_WARN_UNUSED_VARIABLE = YES;
				IPHONEOS_DEPLOYMENT_TARGET = 16.4;
				MTL_ENABLE_DEBUG_INFO = INCLUDE_SOURCE;
				MTL_FAST_MATH = YES;
				ONLY_ACTIVE_ARCH = YES;
				SDKROOT = iphoneos;
				SWIFT_ACTIVE_COMPILATION_CONDITIONS = DEBUG;
				SWIFT_OPTIMIZATION_LEVEL = "-Onone";
			};
			name = Debug;
		};
		B965D05D29ED091A00CCB9A1 /* Release */ = {
			isa = XCBuildConfiguration;
			buildSettings = {
				ALWAYS_SEARCH_USER_PATHS = NO;
				CLANG_ANALYZER_NONNULL = YES;
				CLANG_ANALYZER_NUMBER_OBJECT_CONVERSION = YES_AGGRESSIVE;
				CLANG_CXX_LANGUAGE_STANDARD = "gnu++20";
				CLANG_ENABLE_MODULES = YES;
				CLANG_ENABLE_OBJC_ARC = YES;
				CLANG_ENABLE_OBJC_WEAK = YES;
				CLANG_WARN_BLOCK_CAPTURE_AUTORELEASING = YES;
				CLANG_WARN_BOOL_CONVERSION = YES;
				CLANG_WARN_COMMA = YES;
				CLANG_WARN_CONSTANT_CONVERSION = YES;
				CLANG_WARN_DEPRECATED_OBJC_IMPLEMENTATIONS = YES;
				CLANG_WARN_DIRECT_OBJC_ISA_USAGE = YES_ERROR;
				CLANG_WARN_DOCUMENTATION_COMMENTS = YES;
				CLANG_WARN_EMPTY_BODY = YES;
				CLANG_WARN_ENUM_CONVERSION = YES;
				CLANG_WARN_INFINITE_RECURSION = YES;
				CLANG_WARN_INT_CONVERSION = YES;
				CLANG_WARN_NON_LITERAL_NULL_CONVERSION = YES;
				CLANG_WARN_OBJC_IMPLICIT_RETAIN_SELF = YES;
				CLANG_WARN_OBJC_LITERAL_CONVERSION = YES;
				CLANG_WARN_OBJC_ROOT_CLASS = YES_ERROR;
				CLANG_WARN_QUOTED_INCLUDE_IN_FRAMEWORK_HEADER = YES;
				CLANG_WARN_RANGE_LOOP_ANALYSIS = YES;
				CLANG_WARN_STRICT_PROTOTYPES = YES;
				CLANG_WARN_SUSPICIOUS_MOVE = YES;
				CLANG_WARN_UNGUARDED_AVAILABILITY = YES_AGGRESSIVE;
				CLANG_WARN_UNREACHABLE_CODE = YES;
				CLANG_WARN__DUPLICATE_METHOD_MATCH = YES;
				COPY_PHASE_STRIP = NO;
				DEBUG_INFORMATION_FORMAT = "dwarf-with-dsym";
				ENABLE_NS_ASSERTIONS = NO;
				ENABLE_STRICT_OBJC_MSGSEND = YES;
				GCC_C_LANGUAGE_STANDARD = gnu11;
				GCC_NO_COMMON_BLOCKS = YES;
				GCC_WARN_64_TO_32_BIT_CONVERSION = YES;
				GCC_WARN_ABOUT_RETURN_TYPE = YES_ERROR;
				GCC_WARN_UNDECLARED_SELECTOR = YES;
				GCC_WARN_UNINITIALIZED_AUTOS = YES_AGGRESSIVE;
				GCC_WARN_UNUSED_FUNCTION = YES;
				GCC_WARN_UNUSED_VARIABLE = YES;
				IPHONEOS_DEPLOYMENT_TARGET = 16.4;
				MTL_ENABLE_DEBUG_INFO = NO;
				MTL_FAST_MATH = YES;
				SDKROOT = iphoneos;
				SWIFT_COMPILATION_MODE = wholemodule;
				SWIFT_OPTIMIZATION_LEVEL = "-O";
				VALIDATE_PRODUCT = YES;
			};
			name = Release;
		};
		B965D05F29ED091A00CCB9A1 /* Debug */ = {
			isa = XCBuildConfiguration;
			buildSettings = {
				ASSETCATALOG_COMPILER_APPICON_NAME = AppIcon;
				ASSETCATALOG_COMPILER_GLOBAL_ACCENT_COLOR_NAME = AccentColor;
				CODE_SIGN_STYLE = Automatic;
				CURRENT_PROJECT_VERSION = 1;
				DEVELOPMENT_TEAM = NMLQKC3L6A;
				GENERATE_INFOPLIST_FILE = YES;
				INFOPLIST_FILE = LoadMap/Info.plist;
				INFOPLIST_KEY_UIApplicationSupportsIndirectInputEvents = YES;
				INFOPLIST_KEY_UILaunchStoryboardName = LaunchScreen;
				INFOPLIST_KEY_UISupportedInterfaceOrientations_iPad = "UIInterfaceOrientationPortrait UIInterfaceOrientationPortraitUpsideDown UIInterfaceOrientationLandscapeLeft UIInterfaceOrientationLandscapeRight";
				INFOPLIST_KEY_UISupportedInterfaceOrientations_iPhone = "UIInterfaceOrientationPortrait UIInterfaceOrientationLandscapeLeft UIInterfaceOrientationLandscapeRight";
				LD_RUNPATH_SEARCH_PATHS = (
					"$(inherited)",
					"@executable_path/Frameworks",
				);
				MARKETING_VERSION = 1.0;
				PRODUCT_BUNDLE_IDENTIFIER = com.hylee.LoadMap;
				PRODUCT_NAME = "$(TARGET_NAME)";
				SWIFT_EMIT_LOC_STRINGS = YES;
				SWIFT_VERSION = 5.0;
				TARGETED_DEVICE_FAMILY = "1,2";
			};
			name = Debug;
		};
		B965D06029ED091A00CCB9A1 /* Release */ = {
			isa = XCBuildConfiguration;
			buildSettings = {
				ASSETCATALOG_COMPILER_APPICON_NAME = AppIcon;
				ASSETCATALOG_COMPILER_GLOBAL_ACCENT_COLOR_NAME = AccentColor;
				CODE_SIGN_STYLE = Automatic;
				CURRENT_PROJECT_VERSION = 1;
				DEVELOPMENT_TEAM = NMLQKC3L6A;
				GENERATE_INFOPLIST_FILE = YES;
				INFOPLIST_FILE = LoadMap/Info.plist;
				INFOPLIST_KEY_UIApplicationSupportsIndirectInputEvents = YES;
				INFOPLIST_KEY_UILaunchStoryboardName = LaunchScreen;
				INFOPLIST_KEY_UISupportedInterfaceOrientations_iPad = "UIInterfaceOrientationPortrait UIInterfaceOrientationPortraitUpsideDown UIInterfaceOrientationLandscapeLeft UIInterfaceOrientationLandscapeRight";
				INFOPLIST_KEY_UISupportedInterfaceOrientations_iPhone = "UIInterfaceOrientationPortrait UIInterfaceOrientationLandscapeLeft UIInterfaceOrientationLandscapeRight";
				LD_RUNPATH_SEARCH_PATHS = (
					"$(inherited)",
					"@executable_path/Frameworks",
				);
				MARKETING_VERSION = 1.0;
				PRODUCT_BUNDLE_IDENTIFIER = com.hylee.LoadMap;
				PRODUCT_NAME = "$(TARGET_NAME)";
				SWIFT_EMIT_LOC_STRINGS = YES;
				SWIFT_VERSION = 5.0;
				TARGETED_DEVICE_FAMILY = "1,2";
			};
			name = Release;
		};
/* End XCBuildConfiguration section */

/* Begin XCConfigurationList section */
		B965D04529ED091900CCB9A1 /* Build configuration list for PBXProject "LoadMap" */ = {
			isa = XCConfigurationList;
			buildConfigurations = (
				B965D05C29ED091A00CCB9A1 /* Debug */,
				B965D05D29ED091A00CCB9A1 /* Release */,
			);
			defaultConfigurationIsVisible = 0;
			defaultConfigurationName = Release;
		};
		B965D05E29ED091A00CCB9A1 /* Build configuration list for PBXNativeTarget "LoadMap" */ = {
			isa = XCConfigurationList;
			buildConfigurations = (
				B965D05F29ED091A00CCB9A1 /* Debug */,
				B965D06029ED091A00CCB9A1 /* Release */,
			);
			defaultConfigurationIsVisible = 0;
			defaultConfigurationName = Release;
		};
/* End XCConfigurationList section */

/* Begin XCRemoteSwiftPackageReference section */
		B90084D729EEA5C5006D7E39 /* XCRemoteSwiftPackageReference "FSCalendar" */ = {
			isa = XCRemoteSwiftPackageReference;
			repositoryURL = "https://github.com/WenchaoD/FSCalendar";
			requirement = {
				kind = upToNextMajorVersion;
				minimumVersion = 2.0.0;
			};
		};
		B962121629F3C6250026FE0B /* XCRemoteSwiftPackageReference "RxRealm" */ = {
			isa = XCRemoteSwiftPackageReference;
			repositoryURL = "https://github.com/RxSwiftCommunity/RxRealm";
			requirement = {
				kind = versionRange;
				maximumVersion = 4.0.0;
				minimumVersion = 3.0.0;
			};
		};
		B962121929F3C6520026FE0B /* XCRemoteSwiftPackageReference "RxDataSources" */ = {
			isa = XCRemoteSwiftPackageReference;
			repositoryURL = "https://github.com/RxSwiftCommunity/RxDataSources";
			requirement = {
				kind = versionRange;
				maximumVersion = 5.0.0;
				minimumVersion = 4.0.0;
			};
		};
		B965D06429ED0E1500CCB9A1 /* XCRemoteSwiftPackageReference "SnapKit" */ = {
			isa = XCRemoteSwiftPackageReference;
			repositoryURL = "https://github.com/SnapKit/SnapKit";
			requirement = {
				kind = upToNextMajorVersion;
				minimumVersion = 5.0.0;
			};
		};
		B965D06729ED0E2200CCB9A1 /* XCRemoteSwiftPackageReference "Then" */ = {
			isa = XCRemoteSwiftPackageReference;
			repositoryURL = "https://github.com/devxoul/Then";
			requirement = {
				kind = upToNextMajorVersion;
				minimumVersion = 3.0.0;
			};
		};
/* End XCRemoteSwiftPackageReference section */

/* Begin XCSwiftPackageProductDependency section */
		B90084D829EEA5C5006D7E39 /* FSCalendar */ = {
			isa = XCSwiftPackageProductDependency;
			package = B90084D729EEA5C5006D7E39 /* XCRemoteSwiftPackageReference "FSCalendar" */;
			productName = FSCalendar;
		};
		B962121729F3C6250026FE0B /* RxRealm */ = {
			isa = XCSwiftPackageProductDependency;
			package = B962121629F3C6250026FE0B /* XCRemoteSwiftPackageReference "RxRealm" */;
			productName = RxRealm;
		};
		B962121A29F3C6520026FE0B /* Differentiator */ = {
			isa = XCSwiftPackageProductDependency;
			package = B962121929F3C6520026FE0B /* XCRemoteSwiftPackageReference "RxDataSources" */;
			productName = Differentiator;
		};
		B962121C29F3C6520026FE0B /* RxDataSources */ = {
			isa = XCSwiftPackageProductDependency;
			package = B962121929F3C6520026FE0B /* XCRemoteSwiftPackageReference "RxDataSources" */;
			productName = RxDataSources;
		};
		B965D06529ED0E1500CCB9A1 /* SnapKit */ = {
			isa = XCSwiftPackageProductDependency;
			package = B965D06429ED0E1500CCB9A1 /* XCRemoteSwiftPackageReference "SnapKit" */;
			productName = SnapKit;
		};
		B965D06829ED0E2200CCB9A1 /* Then */ = {
			isa = XCSwiftPackageProductDependency;
			package = B965D06729ED0E2200CCB9A1 /* XCRemoteSwiftPackageReference "Then" */;
			productName = Then;
		};
/* End XCSwiftPackageProductDependency section */
	};
	rootObject = B965D04229ED091900CCB9A1 /* Project object */;
}
